
Microsoft Visual Studio Solution File, Format Version 12.00
# Visual Studio Version 17
VisualStudioVersion = 17.10.34928.147
MinimumVisualStudioVersion = 10.0.40219.1
Project("{FAE04EC0-301F-11D3-BF4B-00C04F79EFBC}") = "MAUIPRO", "MAUIPRO\MAUIPRO.csproj", "{E12477D0-2AF8-4B38-9938-264DB5C37038}"
EndProject
Project("{FAE04EC0-301F-11D3-BF4B-00C04F79EFBC}") = "MAUIPROAPI", "MAUIPROAPI\MAUIPROAPI.csproj", "{3A250EE2-AE15-45F3-9099-3D40304959CB}"
EndProject
Global
	GlobalSection(SolutionConfigurationPlatforms) = preSolution
		Debug|Any CPU = Debug|Any CPU
		Release|Any CPU = Release|Any CPU
	EndGlobalSection
	GlobalSection(ProjectConfigurationPlatforms) = postSolution
		{E12477D0-2AF8-4B38-9938-264DB5C37038}.Debug|Any CPU.ActiveCfg = Debug|Any CPU
		{E12477D0-2AF8-4B38-9938-264DB5C37038}.Debug|Any CPU.Build.0 = Debug|Any CPU
		{E12477D0-2AF8-4B38-9938-264DB5C37038}.Debug|Any CPU.Deploy.0 = Debug|Any CPU
		{E12477D0-2AF8-4B38-9938-264DB5C37038}.Release|Any CPU.ActiveCfg = Release|Any CPU
		{E12477D0-2AF8-4B38-9938-264DB5C37038}.Release|Any CPU.Build.0 = Release|Any CPU
		{E12477D0-2AF8-4B38-9938-264DB5C37038}.Release|Any CPU.Deploy.0 = Release|Any CPU
		{3A250EE2-AE15-45F3-9099-3D40304959CB}.Debug|Any CPU.ActiveCfg = Debug|Any CPU
		{3A250EE2-AE15-45F3-9099-3D40304959CB}.Debug|Any CPU.Build.0 = Debug|Any CPU
		{3A250EE2-AE15-45F3-9099-3D40304959CB}.Release|Any CPU.ActiveCfg = Release|Any CPU
		{3A250EE2-AE15-45F3-9099-3D40304959CB}.Release|Any CPU.Build.0 = Release|Any CPU
	EndGlobalSection
	GlobalSection(SolutionProperties) = preSolution
		HideSolutionNode = FALSE
	EndGlobalSection
	GlobalSection(ExtensibilityGlobals) = postSolution
		SolutionGuid = {17EA2D10-6B6A-4C4E-AD13-455414775B27}
	EndGlobalSection
EndGlobal
